
Microsoft Visual Studio Solution File, Format Version 12.00
# Visual Studio Version 17
VisualStudioVersion = 17.3.32811.315
MinimumVisualStudioVersion = 10.0.40219.1
Project("{FAE04EC0-301F-11D3-BF4B-00C04F79EFBC}") = "TCIPlaba1", "TCIPlaba1\TCIPlaba1.csproj", "{BDEDC517-9619-4B58-BB16-23844CAB95DC}"
EndProject
Global
	GlobalSection(SolutionConfigurationPlatforms) = preSolution
		Debug|Any CPU = Debug|Any CPU
		Release|Any CPU = Release|Any CPU
	EndGlobalSection
	GlobalSection(ProjectConfigurationPlatforms) = postSolution
		{BDEDC517-9619-4B58-BB16-23844CAB95DC}.Debug|Any CPU.ActiveCfg = Debug|Any CPU
		{BDEDC517-9619-4B58-BB16-23844CAB95DC}.Debug|Any CPU.Build.0 = Debug|Any CPU
		{BDEDC517-9619-4B58-BB16-23844CAB95DC}.Release|Any CPU.ActiveCfg = Release|Any CPU
		{BDEDC517-9619-4B58-BB16-23844CAB95DC}.Release|Any CPU.Build.0 = Release|Any CPU
	EndGlobalSection
	GlobalSection(SolutionProperties) = preSolution
		HideSolutionNode = FALSE
	EndGlobalSection
	GlobalSection(ExtensibilityGlobals) = postSolution
		SolutionGuid = {5FAAE09B-64E8-4DA2-93E0-A38316BA8880}
	EndGlobalSection
EndGlobal
